// !$*UTF8*$!
{
	archiveVersion = 1;
	classes = {
	};
	objectVersion = 77;
	objects = {

/* Begin PBXBuildFile section */
		A0220DB22E07BCA300741D00 /* MarketData.swift in Sources */ = {isa = PBXBuildFile; fileRef = A0220DAF2E07BCA300741D00 /* MarketData.swift */; };
		A0220DB32E07BCA300741D00 /* InfiniteMarketsApp.swift in Sources */ = {isa = PBXBuildFile; fileRef = A0220DAD2E07BCA300741D00 /* InfiniteMarketsApp.swift */; };
		A0220DB42E07BCA300741D00 /* ContentView.swift in Sources */ = {isa = PBXBuildFile; fileRef = A0220DAB2E07BCA300741D00 /* ContentView.swift */; };
		A0220DB52E07BCA300741D00 /* MarketCard.swift in Sources */ = {isa = PBXBuildFile; fileRef = A0220DAE2E07BCA300741D00 /* MarketCard.swift */; };
/* End PBXBuildFile section */

/* Begin PBXContainerItemProxy section */
		A051106A2E07B9A40022B298 /* PBXContainerItemProxy */ = {
			isa = PBXContainerItemProxy;
			containerPortal = A05110512E07B9A30022B298 /* Project object */;
			proxyType = 1;
			remoteGlobalIDString = A05110582E07B9A30022B298;
			remoteInfo = infiniteMarkets;
		};
		A05110742E07B9A50022B298 /* PBXContainerItemProxy */ = {
			isa = PBXContainerItemProxy;
			containerPortal = A05110512E07B9A30022B298 /* Project object */;
			proxyType = 1;
			remoteGlobalIDString = A05110582E07B9A30022B298;
			remoteInfo = infiniteMarkets;
		};
/* End PBXContainerItemProxy section */

/* Begin PBXFileReference section */
		A0220DAB2E07BCA300741D00 /* ContentView.swift */ = {isa = PBXFileReference; lastKnownFileType = sourcecode.swift; path = ContentView.swift; sourceTree = "<group>"; };
		A0220DAC2E07BCA300741D00 /* infiniteMarkets.xcodeproj */ = {isa = PBXFileReference; lastKnownFileType = "wrapper.pb-project"; path = infiniteMarkets.xcodeproj; sourceTree = "<group>"; };
		A0220DAD2E07BCA300741D00 /* InfiniteMarketsApp.swift */ = {isa = PBXFileReference; lastKnownFileType = sourcecode.swift; path = InfiniteMarketsApp.swift; sourceTree = "<group>"; };
		A0220DAE2E07BCA300741D00 /* MarketCard.swift */ = {isa = PBXFileReference; lastKnownFileType = sourcecode.swift; path = MarketCard.swift; sourceTree = "<group>"; };
		A0220DAF2E07BCA300741D00 /* MarketData.swift */ = {isa = PBXFileReference; lastKnownFileType = sourcecode.swift; path = MarketData.swift; sourceTree = "<group>"; };
		A0220DB62E07BCA800741D00 /* infiniteMarkets-Bridging-Header.h */ = {isa = PBXFileReference; lastKnownFileType = sourcecode.c.h; path = "infiniteMarkets-Bridging-Header.h"; sourceTree = "<group>"; };
		A05110592E07B9A30022B298 /* InfiniteMarketsApp.app */ = {isa = PBXFileReference; explicitFileType = wrapper.application; includeInIndex = 0; path = InfiniteMarketsApp.app; sourceTree = BUILT_PRODUCTS_DIR; };
		A05110692E07B9A40022B298 /* infiniteMarketsTests.xctest */ = {isa = PBXFileReference; explicitFileType = wrapper.cfbundle; includeInIndex = 0; path = infiniteMarketsTests.xctest; sourceTree = BUILT_PRODUCTS_DIR; };
		A05110732E07B9A50022B298 /* infiniteMarketsUITests.xctest */ = {isa = PBXFileReference; explicitFileType = wrapper.cfbundle; includeInIndex = 0; path = infiniteMarketsUITests.xctest; sourceTree = BUILT_PRODUCTS_DIR; };
/* End PBXFileReference section */

/* Begin PBXFrameworksBuildPhase section */
		A05110562E07B9A30022B298 /* Frameworks */ = {
			isa = PBXFrameworksBuildPhase;
			buildActionMask = 2147483647;
			files = (
			);
			runOnlyForDeploymentPostprocessing = 0;
		};
		A05110662E07B9A40022B298 /* Frameworks */ = {
			isa = PBXFrameworksBuildPhase;
			buildActionMask = 2147483647;
			files = (
			);
			runOnlyForDeploymentPostprocessing = 0;
		};
		A05110702E07B9A50022B298 /* Frameworks */ = {
			isa = PBXFrameworksBuildPhase;
			buildActionMask = 2147483647;
			files = (
			);
			runOnlyForDeploymentPostprocessing = 0;
		};
/* End PBXFrameworksBuildPhase section */

/* Begin PBXGroup section */
		A0220DB02E07BCA300741D00 /* Products */ = {
			isa = PBXGroup;
			name = Products;
			sourceTree = "<group>";
		};
		A05110502E07B9A30022B298 = {
			isa = PBXGroup;
			children = (
				A0220DAB2E07BCA300741D00 /* ContentView.swift */,
				A0220DAC2E07BCA300741D00 /* infiniteMarkets.xcodeproj */,
				A0220DAD2E07BCA300741D00 /* InfiniteMarketsApp.swift */,
				A0220DAE2E07BCA300741D00 /* MarketCard.swift */,
				A0220DAF2E07BCA300741D00 /* MarketData.swift */,
				A051105A2E07B9A30022B298 /* Products */,
				A0220DB62E07BCA800741D00 /* infiniteMarkets-Bridging-Header.h */,
			);
			sourceTree = "<group>";
		};
		A051105A2E07B9A30022B298 /* Products */ = {
			isa = PBXGroup;
			children = (
				A05110592E07B9A30022B298 /* InfiniteMarketsApp.app */,
				A05110692E07B9A40022B298 /* infiniteMarketsTests.xctest */,
				A05110732E07B9A50022B298 /* infiniteMarketsUITests.xctest */,
			);
			name = Products;
			sourceTree = "<group>";
		};
/* End PBXGroup section */

/* Begin PBXNativeTarget section */
		A05110582E07B9A30022B298 /* infiniteMarkets */ = {
			isa = PBXNativeTarget;
			buildConfigurationList = A051107D2E07B9A50022B298 /* Build configuration list for PBXNativeTarget "infiniteMarkets" */;
			buildPhases = (
				A05110552E07B9A30022B298 /* Sources */,
				A05110562E07B9A30022B298 /* Frameworks */,
				A05110572E07B9A30022B298 /* Resources */,
			);
			buildRules = (
			);
			dependencies = (
			);
			name = infiniteMarkets;
			packageProductDependencies = (
			);
			productName = infiniteMarkets;
			productReference = A05110592E07B9A30022B298 /* InfiniteMarketsApp.app */;
			productType = "com.apple.product-type.application";
		};
		A05110682E07B9A40022B298 /* infiniteMarketsTests */ = {
			isa = PBXNativeTarget;
			buildConfigurationList = A05110802E07B9A50022B298 /* Build configuration list for PBXNativeTarget "infiniteMarketsTests" */;
			buildPhases = (
				A05110652E07B9A40022B298 /* Sources */,
				A05110662E07B9A40022B298 /* Frameworks */,
				A05110672E07B9A40022B298 /* Resources */,
			);
			buildRules = (
			);
			dependencies = (
				A051106B2E07B9A40022B298 /* PBXTargetDependency */,
			);
			name = infiniteMarketsTests;
			packageProductDependencies = (
			);
			productName = infiniteMarketsTests;
			productReference = A05110692E07B9A40022B298 /* infiniteMarketsTests.xctest */;
			productType = "com.apple.product-type.bundle.unit-test";
		};
		A05110722E07B9A50022B298 /* infiniteMarketsUITests */ = {
			isa = PBXNativeTarget;
			buildConfigurationList = A05110832E07B9A50022B298 /* Build configuration list for PBXNativeTarget "infiniteMarketsUITests" */;
			buildPhases = (
				A051106F2E07B9A50022B298 /* Sources */,
				A05110702E07B9A50022B298 /* Frameworks */,
				A05110712E07B9A50022B298 /* Resources */,
			);
			buildRules = (
			);
			dependencies = (
				A05110752E07B9A50022B298 /* PBXTargetDependency */,
			);
			name = infiniteMarketsUITests;
			packageProductDependencies = (
			);
			productName = infiniteMarketsUITests;
			productReference = A05110732E07B9A50022B298 /* infiniteMarketsUITests.xctest */;
			productType = "com.apple.product-type.bundle.ui-testing";
		};
/* End PBXNativeTarget section */

/* Begin PBXProject section */
		A05110512E07B9A30022B298 /* Project object */ = {
			isa = PBXProject;
			attributes = {
				BuildIndependentTargetsInParallel = 1;
				LastSwiftUpdateCheck = 1620;
				LastUpgradeCheck = 1620;
				TargetAttributes = {
					A05110582E07B9A30022B298 = {
						CreatedOnToolsVersion = 16.2;
						LastSwiftMigration = 1620;
					};
					A05110682E07B9A40022B298 = {
						CreatedOnToolsVersion = 16.2;
						TestTargetID = A05110582E07B9A30022B298;
					};
					A05110722E07B9A50022B298 = {
						CreatedOnToolsVersion = 16.2;
						TestTargetID = A05110582E07B9A30022B298;
					};
				};
			};
			buildConfigurationList = A05110542E07B9A30022B298 /* Build configuration list for PBXProject "infiniteMarkets" */;
			developmentRegion = en;
			hasScannedForEncodings = 0;
			knownRegions = (
				en,
				Base,
			);
			mainGroup = A05110502E07B9A30022B298;
			minimizedProjectReferenceProxies = 1;
			preferredProjectObjectVersion = 77;
			productRefGroup = A051105A2E07B9A30022B298 /* Products */;
			projectDirPath = "";
			projectReferences = (
				{
					ProductGroup = A0220DB02E07BCA300741D00 /* Products */;
					ProjectRef = A0220DAC2E07BCA300741D00 /* infiniteMarkets.xcodeproj */;
				},
			);
			projectRoot = "";
			targets = (
				A05110582E07B9A30022B298 /* infiniteMarkets */,
				A05110682E07B9A40022B298 /* infiniteMarketsTests */,
				A05110722E07B9A50022B298 /* infiniteMarketsUITests */,
			);
		};
/* End PBXProject section */

/* Begin PBXResourcesBuildPhase section */
		A05110572E07B9A30022B298 /* Resources */ = {
			isa = PBXResourcesBuildPhase;
			buildActionMask = 2147483647;
			files = (
			);
			runOnlyForDeploymentPostprocessing = 0;
		};
		A05110672E07B9A40022B298 /* Resources */ = {
			isa = PBXResourcesBuildPhase;
			buildActionMask = 2147483647;
			files = (
			);
			runOnlyForDeploymentPostprocessing = 0;
		};
		A05110712E07B9A50022B298 /* Resources */ = {
			isa = PBXResourcesBuildPhase;
			buildActionMask = 2147483647;
			files = (
			);
			runOnlyForDeploymentPostprocessing = 0;
		};
/* End PBXResourcesBuildPhase section */

/* Begin PBXSourcesBuildPhase section */
		A05110552E07B9A30022B298 /* Sources */ = {
			isa = PBXSourcesBuildPhase;
			buildActionMask = 2147483647;
			files = (
				A0220DB22E07BCA300741D00 /* MarketData.swift in Sources */,
				A0220DB32E07BCA300741D00 /* InfiniteMarketsApp.swift in Sources */,
				A0220DB42E07BCA300741D00 /* ContentView.swift in Sources */,
				A0220DB52E07BCA300741D00 /* MarketCard.swift in Sources */,
			);
			runOnlyForDeploymentPostprocessing = 0;
		};
		A05110652E07B9A40022B298 /* Sources */ = {
			isa = PBXSourcesBuildPhase;
			buildActionMask = 2147483647;
			files = (
			);
			runOnlyForDeploymentPostprocessing = 0;
		};
		A051106F2E07B9A50022B298 /* Sources */ = {
			isa = PBXSourcesBuildPhase;
			buildActionMask = 2147483647;
			files = (
			);
			runOnlyForDeploymentPostprocessing = 0;
		};
/* End PBXSourcesBuildPhase section */

/* Begin PBXTargetDependency section */
		A051106B2E07B9A40022B298 /* PBXTargetDependency */ = {
			isa = PBXTargetDependency;
			target = A05110582E07B9A30022B298 /* infiniteMarkets */;
			targetProxy = A051106A2E07B9A40022B298 /* PBXContainerItemProxy */;
		};
		A05110752E07B9A50022B298 /* PBXTargetDependency */ = {
			isa = PBXTargetDependency;
			target = A05110582E07B9A30022B298 /* infiniteMarkets */;
			targetProxy = A05110742E07B9A50022B298 /* PBXContainerItemProxy */;
		};
/* End PBXTargetDependency section */

/* Begin XCBuildConfiguration section */
		A051107B2E07B9A50022B298 /* Debug */ = {
			isa = XCBuildConfiguration;
			buildSettings = {
				ALWAYS_SEARCH_USER_PATHS = NO;
				ASSETCATALOG_COMPILER_GENERATE_SWIFT_ASSET_SYMBOL_EXTENSIONS = YES;
				CLANG_ANALYZER_NONNULL = YES;
				CLANG_ANALYZER_NUMBER_OBJECT_CONVERSION = YES_AGGRESSIVE;
				CLANG_CXX_LANGUAGE_STANDARD = "gnu++20";
				CLANG_ENABLE_MODULES = YES;
				CLANG_ENABLE_OBJC_ARC = YES;
				CLANG_ENABLE_OBJC_WEAK = YES;
				CLANG_WARN_BLOCK_CAPTURE_AUTORELEASING = YES;
				CLANG_WARN_BOOL_CONVERSION = YES;
				CLANG_WARN_COMMA = YES;
				CLANG_WARN_CONSTANT_CONVERSION = YES;
				CLANG_WARN_DEPRECATED_OBJC_IMPLEMENTATIONS = YES;
				CLANG_WARN_DIRECT_OBJC_ISA_USAGE = YES_ERROR;
				CLANG_WARN_DOCUMENTATION_COMMENTS = YES;
				CLANG_WARN_EMPTY_BODY = YES;
				CLANG_WARN_ENUM_CONVERSION = YES;
				CLANG_WARN_INFINITE_RECURSION = YES;
				CLANG_WARN_INT_CONVERSION = YES;
				CLANG_WARN_NON_LITERAL_NULL_CONVERSION = YES;
				CLANG_WARN_OBJC_IMPLICIT_RETAIN_SELF = YES;
				CLANG_WARN_OBJC_LITERAL_CONVERSION = YES;
				CLANG_WARN_OBJC_ROOT_CLASS = YES_ERROR;
				CLANG_WARN_QUOTED_INCLUDE_IN_FRAMEWORK_HEADER = YES;
				CLANG_WARN_RANGE_LOOP_ANALYSIS = YES;
				CLANG_WARN_STRICT_PROTOTYPES = YES;
				CLANG_WARN_SUSPICIOUS_MOVE = YES;
				CLANG_WARN_UNGUARDED_AVAILABILITY = YES_AGGRESSIVE;
				CLANG_WARN_UNREACHABLE_CODE = YES;
				CLANG_WARN__DUPLICATE_METHOD_MATCH = YES;
				COPY_PHASE_STRIP = NO;
				DEBUG_INFORMATION_FORMAT = dwarf;
				ENABLE_STRICT_OBJC_MSGSEND = YES;
				ENABLE_TESTABILITY = YES;
				ENABLE_USER_SCRIPT_SANDBOXING = YES;
				GCC_C_LANGUAGE_STANDARD = gnu17;
				GCC_DYNAMIC_NO_PIC = NO;
				GCC_NO_COMMON_BLOCKS = YES;
				GCC_OPTIMIZATION_LEVEL = 0;
				GCC_PREPROCESSOR_DEFINITIONS = (
					"DEBUG=1",
					"$(inherited)",
				);
				GCC_WARN_64_TO_32_BIT_CONVERSION = YES;
				GCC_WARN_ABOUT_RETURN_TYPE = YES_ERROR;
				GCC_WARN_UNDECLARED_SELECTOR = YES;
				GCC_WARN_UNINITIALIZED_AUTOS = YES_AGGRESSIVE;
				GCC_WARN_UNUSED_FUNCTION = YES;
				GCC_WARN_UNUSED_VARIABLE = YES;
				IPHONEOS_DEPLOYMENT_TARGET = 18.2;
				LOCALIZATION_PREFERS_STRING_CATALOGS = YES;
				MTL_ENABLE_DEBUG_INFO = INCLUDE_SOURCE;
				MTL_FAST_MATH = YES;
				ONLY_ACTIVE_ARCH = YES;
				SDKROOT = iphoneos;
				SWIFT_ACTIVE_COMPILATION_CONDITIONS = "DEBUG $(inherited)";
				SWIFT_OPTIMIZATION_LEVEL = "-Onone";
			};
			name = Debug;
		};
		A051107C2E07B9A50022B298 /* Release */ = {
			isa = XCBuildConfiguration;
			buildSettings = {
				ALWAYS_SEARCH_USER_PATHS = NO;
				ASSETCATALOG_COMPILER_GENERATE_SWIFT_ASSET_SYMBOL_EXTENSIONS = YES;
				CLANG_ANALYZER_NONNULL = YES;
				CLANG_ANALYZER_NUMBER_OBJECT_CONVERSION = YES_AGGRESSIVE;
				CLANG_CXX_LANGUAGE_STANDARD = "gnu++20";
				CLANG_ENABLE_MODULES = YES;
				CLANG_ENABLE_OBJC_ARC = YES;
				CLANG_ENABLE_OBJC_WEAK = YES;
				CLANG_WARN_BLOCK_CAPTURE_AUTORELEASING = YES;
				CLANG_WARN_BOOL_CONVERSION = YES;
				CLANG_WARN_COMMA = YES;
				CLANG_WARN_CONSTANT_CONVERSION = YES;
				CLANG_WARN_DEPRECATED_OBJC_IMPLEMENTATIONS = YES;
				CLANG_WARN_DIRECT_OBJC_ISA_USAGE = YES_ERROR;
				CLANG_WARN_DOCUMENTATION_COMMENTS = YES;
				CLANG_WARN_EMPTY_BODY = YES;
				CLANG_WARN_ENUM_CONVERSION = YES;
				CLANG_WARN_INFINITE_RECURSION = YES;
				CLANG_WARN_INT_CONVERSION = YES;
				CLANG_WARN_NON_LITERAL_NULL_CONVERSION = YES;
				CLANG_WARN_OBJC_IMPLICIT_RETAIN_SELF = YES;
				CLANG_WARN_OBJC_LITERAL_CONVERSION = YES;
				CLANG_WARN_OBJC_ROOT_CLASS = YES_ERROR;
				CLANG_WARN_QUOTED_INCLUDE_IN_FRAMEWORK_HEADER = YES;
				CLANG_WARN_RANGE_LOOP_ANALYSIS = YES;
				CLANG_WARN_STRICT_PROTOTYPES = YES;
				CLANG_WARN_SUSPICIOUS_MOVE = YES;
				CLANG_WARN_UNGUARDED_AVAILABILITY = YES_AGGRESSIVE;
				CLANG_WARN_UNREACHABLE_CODE = YES;
				CLANG_WARN__DUPLICATE_METHOD_MATCH = YES;
				COPY_PHASE_STRIP = NO;
				DEBUG_INFORMATION_FORMAT = "dwarf-with-dsym";
				ENABLE_NS_ASSERTIONS = NO;
				ENABLE_STRICT_OBJC_MSGSEND = YES;
				ENABLE_USER_SCRIPT_SANDBOXING = YES;
				GCC_C_LANGUAGE_STANDARD = gnu17;
				GCC_NO_COMMON_BLOCKS = YES;
				GCC_WARN_64_TO_32_BIT_CONVERSION = YES;
				GCC_WARN_ABOUT_RETURN_TYPE = YES_ERROR;
				GCC_WARN_UNDECLARED_SELECTOR = YES;
				GCC_WARN_UNINITIALIZED_AUTOS = YES_AGGRESSIVE;
				GCC_WARN_UNUSED_FUNCTION = YES;
				GCC_WARN_UNUSED_VARIABLE = YES;
				IPHONEOS_DEPLOYMENT_TARGET = 18.2;
				LOCALIZATION_PREFERS_STRING_CATALOGS = YES;
				MTL_ENABLE_DEBUG_INFO = NO;
				MTL_FAST_MATH = YES;
				SDKROOT = iphoneos;
				SWIFT_COMPILATION_MODE = wholemodule;
				VALIDATE_PRODUCT = YES;
			};
			name = Release;
		};
		A051107E2E07B9A50022B298 /* Debug */ = {
			isa = XCBuildConfiguration;
			buildSettings = {
				ASSETCATALOG_COMPILER_APPICON_NAME = AppIcon;
				ASSETCATALOG_COMPILER_GLOBAL_ACCENT_COLOR_NAME = AccentColor;
				CLANG_ENABLE_MODULES = YES;
				CODE_SIGN_STYLE = Automatic;
				CURRENT_PROJECT_VERSION = 1;
				ENABLE_PREVIEWS = YES;
				GENERATE_INFOPLIST_FILE = YES;
				INFOPLIST_KEY_UIApplicationSceneManifest_Generation = YES;
				INFOPLIST_KEY_UIApplicationSupportsIndirectInputEvents = YES;
				INFOPLIST_KEY_UILaunchScreen_Generation = YES;
				INFOPLIST_KEY_UISupportedInterfaceOrientations_iPad = "UIInterfaceOrientationPortrait UIInterfaceOrientationPortraitUpsideDown UIInterfaceOrientationLandscapeLeft UIInterfaceOrientationLandscapeRight";
				INFOPLIST_KEY_UISupportedInterfaceOrientations_iPhone = "UIInterfaceOrientationPortrait UIInterfaceOrientationLandscapeLeft UIInterfaceOrientationLandscapeRight";
				LD_RUNPATH_SEARCH_PATHS = (
					"$(inherited)",
					"@executable_path/Frameworks",
				);
				MARKETING_VERSION = 1.0;
				PRODUCT_BUNDLE_IDENTIFIER = stub.infiniteMarkets;
				PRODUCT_NAME = InfiniteMarketsApp;
				SWIFT_EMIT_LOC_STRINGS = YES;
				SWIFT_OBJC_BRIDGING_HEADER = "infiniteMarkets-Bridging-Header.h";
				SWIFT_OPTIMIZATION_LEVEL = "-Onone";
				SWIFT_VERSION = 5.0;
				TARGETED_DEVICE_FAMILY = "1,2";
			};
			name = Debug;
		};
		A051107F2E07B9A50022B298 /* Release */ = {
			isa = XCBuildConfiguration;
			buildSettings = {
				ASSETCATALOG_COMPILER_APPICON_NAME = AppIcon;
				ASSETCATALOG_COMPILER_GLOBAL_ACCENT_COLOR_NAME = AccentColor;
				CLANG_ENABLE_MODULES = YES;
				CODE_SIGN_STYLE = Automatic;
				CURRENT_PROJECT_VERSION = 1;
				ENABLE_PREVIEWS = YES;
				GENERATE_INFOPLIST_FILE = YES;
				INFOPLIST_KEY_UIApplicationSceneManifest_Generation = YES;
				INFOPLIST_KEY_UIApplicationSupportsIndirectInputEvents = YES;
				INFOPLIST_KEY_UILaunchScreen_Generation = YES;
				INFOPLIST_KEY_UISupportedInterfaceOrientations_iPad = "UIInterfaceOrientationPortrait UIInterfaceOrientationPortraitUpsideDown UIInterfaceOrientationLandscapeLeft UIInterfaceOrientationLandscapeRight";
				INFOPLIST_KEY_UISupportedInterfaceOrientations_iPhone = "UIInterfaceOrientationPortrait UIInterfaceOrientationLandscapeLeft UIInterfaceOrientationLandscapeRight";
				LD_RUNPATH_SEARCH_PATHS = (
					"$(inherited)",
					"@executable_path/Frameworks",
				);
				MARKETING_VERSION = 1.0;
				PRODUCT_BUNDLE_IDENTIFIER = stub.infiniteMarkets;
				PRODUCT_NAME = InfiniteMarketsApp;
				SWIFT_EMIT_LOC_STRINGS = YES;
				SWIFT_OBJC_BRIDGING_HEADER = "infiniteMarkets-Bridging-Header.h";
				SWIFT_VERSION = 5.0;
				TARGETED_DEVICE_FAMILY = "1,2";
			};
			name = Release;
		};
		A05110812E07B9A50022B298 /* Debug */ = {
			isa = XCBuildConfiguration;
			buildSettings = {
				BUNDLE_LOADER = "$(TEST_HOST)";
				CODE_SIGN_STYLE = Automatic;
				CURRENT_PROJECT_VERSION = 1;
				GENERATE_INFOPLIST_FILE = YES;
				IPHONEOS_DEPLOYMENT_TARGET = 18.2;
				MARKETING_VERSION = 1.0;
				PRODUCT_BUNDLE_IDENTIFIER = stub.infiniteMarketsTests;
				PRODUCT_NAME = "$(TARGET_NAME)";
				SWIFT_EMIT_LOC_STRINGS = NO;
				SWIFT_VERSION = 5.0;
				TARGETED_DEVICE_FAMILY = "1,2";
				TEST_HOST = "$(BUILT_PRODUCTS_DIR)/infiniteMarkets.app/$(BUNDLE_EXECUTABLE_FOLDER_PATH)/infiniteMarkets";
			};
			name = Debug;
		};
		A05110822E07B9A50022B298 /* Release */ = {
			isa = XCBuildConfiguration;
			buildSettings = {
				BUNDLE_LOADER = "$(TEST_HOST)";
				CODE_SIGN_STYLE = Automatic;
				CURRENT_PROJECT_VERSION = 1;
				GENERATE_INFOPLIST_FILE = YES;
				IPHONEOS_DEPLOYMENT_TARGET = 18.2;
				MARKETING_VERSION = 1.0;
				PRODUCT_BUNDLE_IDENTIFIER = stub.infiniteMarketsTests;
				PRODUCT_NAME = "$(TARGET_NAME)";
				SWIFT_EMIT_LOC_STRINGS = NO;
				SWIFT_VERSION = 5.0;
				TARGETED_DEVICE_FAMILY = "1,2";
				TEST_HOST = "$(BUILT_PRODUCTS_DIR)/infiniteMarkets.app/$(BUNDLE_EXECUTABLE_FOLDER_PATH)/infiniteMarkets";
			};
			name = Release;
		};
		A05110842E07B9A50022B298 /* Debug */ = {
			isa = XCBuildConfiguration;
			buildSettings = {
				CODE_SIGN_STYLE = Automatic;
				CURRENT_PROJECT_VERSION = 1;
				GENERATE_INFOPLIST_FILE = YES;
				MARKETING_VERSION = 1.0;
				PRODUCT_BUNDLE_IDENTIFIER = stub.infiniteMarketsUITests;
				PRODUCT_NAME = "$(TARGET_NAME)";
				SWIFT_EMIT_LOC_STRINGS = NO;
				SWIFT_VERSION = 5.0;
				TARGETED_DEVICE_FAMILY = "1,2";
				TEST_TARGET_NAME = infiniteMarkets;
			};
			name = Debug;
		};
		A05110852E07B9A50022B298 /* Release */ = {
			isa = XCBuildConfiguration;
			buildSettings = {
				CODE_SIGN_STYLE = Automatic;
				CURRENT_PROJECT_VERSION = 1;
				GENERATE_INFOPLIST_FILE = YES;
				MARKETING_VERSION = 1.0;
				PRODUCT_BUNDLE_IDENTIFIER = stub.infiniteMarketsUITests;
				PRODUCT_NAME = "$(TARGET_NAME)";
				SWIFT_EMIT_LOC_STRINGS = NO;
				SWIFT_VERSION = 5.0;
				TARGETED_DEVICE_FAMILY = "1,2";
				TEST_TARGET_NAME = infiniteMarkets;
			};
			name = Release;
		};
/* End XCBuildConfiguration section */

/* Begin XCConfigurationList section */
		A05110542E07B9A30022B298 /* Build configuration list for PBXProject "infiniteMarkets" */ = {
			isa = XCConfigurationList;
			buildConfigurations = (
				A051107B2E07B9A50022B298 /* Debug */,
				A051107C2E07B9A50022B298 /* Release */,
			);
			defaultConfigurationIsVisible = 0;
			defaultConfigurationName = Release;
		};
		A051107D2E07B9A50022B298 /* Build configuration list for PBXNativeTarget "infiniteMarkets" */ = {
			isa = XCConfigurationList;
			buildConfigurations = (
				A051107E2E07B9A50022B298 /* Debug */,
				A051107F2E07B9A50022B298 /* Release */,
			);
			defaultConfigurationIsVisible = 0;
			defaultConfigurationName = Release;
		};
		A05110802E07B9A50022B298 /* Build configuration list for PBXNativeTarget "infiniteMarketsTests" */ = {
			isa = XCConfigurationList;
			buildConfigurations = (
				A05110812E07B9A50022B298 /* Debug */,
				A05110822E07B9A50022B298 /* Release */,
			);
			defaultConfigurationIsVisible = 0;
			defaultConfigurationName = Release;
		};
		A05110832E07B9A50022B298 /* Build configuration list for PBXNativeTarget "infiniteMarketsUITests" */ = {
			isa = XCConfigurationList;
			buildConfigurations = (
				A05110842E07B9A50022B298 /* Debug */,
				A05110852E07B9A50022B298 /* Release */,
			);
			defaultConfigurationIsVisible = 0;
			defaultConfigurationName = Release;
		};
/* End XCConfigurationList section */
	};
	rootObject = A05110512E07B9A30022B298 /* Project object */;
}
